<?xml version="1.0" encoding="utf-8"?>
<Project ToolsVersion="4.0" xmlns="http://schemas.microsoft.com/developer/msbuild/2003">
  <ItemGroup>
    <Filter Include="Source Files">
      <UniqueIdentifier>{4FC737F1-C7A5-4376-A066-2A32D752A2FF}</UniqueIdentifier>
      <Extensions>cpp;c;cc;cxx;def;odl;idl;hpj;bat;asm;asmx</Extensions>
    </Filter>
    <Filter Include="Header Files">
      <UniqueIdentifier>{93995380-89BD-4b04-88EB-625FBE52EBFB}</UniqueIdentifier>
      <Extensions>h;hh;hpp;hxx;hm;inl;inc;ipp;xsd</Extensions>
    </Filter>
    <Filter Include="Resource Files">
      <UniqueIdentifier>{67DA6AB6-F800-4c08-8B7A-83BB121AAD01}</UniqueIdentifier>
      <Extensions>rc;ico;cur;bmp;dlg;rc2;rct;bin;rgs;gif;jpg;jpeg;jpe;resx;tiff;tif;png;wav;mfcribbon-ms</Extensions>
    </Filter>
    <Filter Include="SFML Template">
      <UniqueIdentifier>{592206ae-8b7b-4dec-bac6-de230571d98a}</UniqueIdentifier>
    </Filter>
    <Filter Include="Resource Files\Textures">
      <UniqueIdentifier>{dad02f27-4f92-4638-98ff-2a9eee1c7194}</UniqueIdentifier>
    </Filter>
    <Filter Include="Resource Files\Sfx">
      <UniqueIdentifier>{eff769a6-6674-4ff9-a077-6d80c0a1e085}</UniqueIdentifier>
    </Filter>
  </ItemGroup>
  <ItemGroup>
    <None Include="ClassDiagram.cd" />
  </ItemGroup>
  <ItemGroup>
    <ClCompile Include="Bullet.cpp">
      <Filter>Source Files</Filter>
    </ClCompile>
    <ClCompile Include="Collider.cpp">
      <Filter>Source Files</Filter>
    </ClCompile>
    <ClCompile Include="Game.cpp">
      <Filter>Source Files</Filter>
    </ClCompile>
    <ClCompile Include="main.cpp">
      <Filter>Source Files</Filter>
    </ClCompile>
    <ClCompile Include="Map.cpp">
      <Filter>Source Files</Filter>
    </ClCompile>
    <ClCompile Include="Menu.cpp">
      <Filter>Source Files</Filter>
    </ClCompile>
    <ClCompile Include="Player.cpp">
      <Filter>Source Files</Filter>
    </ClCompile>
    <ClCompile Include="Wall.cpp">
      <Filter>Source Files</Filter>
    </ClCompile>
    <ClCompile Include="Window.cpp">
      <Filter>Source Files</Filter>
    </ClCompile>
    <ClCompile Include="Zombie.cpp">
      <Filter>Source Files</Filter>
    </ClCompile>
  </ItemGroup>
  <ItemGroup>
    <ClInclude Include="Bullet.h">
      <Filter>Header Files</Filter>
    </ClInclude>
    <ClInclude Include="Collider.h">
      <Filter>Header Files</Filter>
    </ClInclude>
    <ClInclude Include="Game.h">
      <Filter>Header Files</Filter>
    </ClInclude>
    <ClInclude Include="Map.h">
      <Filter>Header Files</Filter>
    </ClInclude>
    <ClInclude Include="Menu.h">
      <Filter>Header Files</Filter>
    </ClInclude>
    <ClInclude Include="Player.h">
      <Filter>Header Files</Filter>
    </ClInclude>
    <ClInclude Include="Wall.h">
      <Filter>Header Files</Filter>
    </ClInclude>
    <ClInclude Include="Window.h">
      <Filter>Header Files</Filter>
    </ClInclude>
    <ClInclude Include="Zombie.h">
      <Filter>Header Files</Filter>
    </ClInclude>
  </ItemGroup>
  <ItemGroup>
    <Media Include="Sound\devil-may-cry-menu-sound.wav">
      <Filter>Resource Files\Sfx</Filter>
    </Media>
    <Media Include="Sound\devil-may-cry-menu-sound0.wav">
      <Filter>Resource Files\Sfx</Filter>
    </Media>
    <Media Include="Sound\dmc_menu_select.wav">
      <Filter>Resource Files\Sfx</Filter>
    </Media>
    <Media Include="Sound\galil.wav">
      <Filter>Resource Files\Sfx</Filter>
    </Media>
    <Media Include="Sound\pl_dirt1.wav">
      <Filter>Resource Files\Sfx</Filter>
    </Media>
  </ItemGroup>
  <ItemGroup>
    <Image Include="Textures\awp.bmp">
      <Filter>Resource Files\Textures</Filter>
    </Image>
    <Image Include="Textures\awp.png">
      <Filter>Resource Files\Textures</Filter>
    </Image>
    <Image Include="Textures\ct1.bmp">
      <Filter>Resource Files\Textures</Filter>
    </Image>
    <Image Include="Textures\Desert.png">
      <Filter>Resource Files\Textures</Filter>
    </Image>
    <Image Include="Textures\dust.png">
      <Filter>Resource Files\Textures</Filter>
    </Image>
    <Image Include="Textures\gunshot.png">
      <Filter>Resource Files\Textures</Filter>
    </Image>
    <Image Include="Textures\icon.png">
      <Filter>Resource Files\Textures</Filter>
    </Image>
    <Image Include="Textures\pointer.bmp">
      <Filter>Resource Files\Textures</Filter>
    </Image>
    <Image Include="Textures\pointer.png">
      <Filter>Resource Files\Textures</Filter>
    </Image>
  </ItemGroup>
  <ItemGroup>
    <Text Include="tiles.txt">
      <Filter>Resource Files</Filter>
    </Text>
  </ItemGroup>
</Project>